{
  "name": "bobril-chat-ekp",
  "version": "1.0.0",
  "lockfileVersion": 1,
  "requires": true,
  "dependencies": {
    "bobril": {
      "version": "17.10.0",
      "resolved": "https://registry.npmjs.org/bobril/-/bobril-17.10.0.tgz",
      "integrity": "sha512-HbVvpx+2Ywo8iYBQR9dvjeLbxUe3dS9xbwNsbwc5Vx1jZK8P8FtRyGWN979VwA0c6B4OYS+KXpSs51HfXa334A=="
    }
  }
}
